
Microsoft Visual Studio Solution File, Format Version 12.00
# Visual Studio Version 17
VisualStudioVersion = 17.4.33205.214
MinimumVisualStudioVersion = 10.0.40219.1
Project("{FAE04EC0-301F-11D3-BF4B-00C04F79EFBC}") = "WithExtentionMethod", "LINQExample\WithExtentionMethod.csproj", "{9C19753C-904B-4105-8ED9-31C810DB3617}"
EndProject
Project("{FAE04EC0-301F-11D3-BF4B-00C04F79EFBC}") = "DataMonitoring", "FromSomeSrc\DataMonitoring.csproj", "{8CD29071-906B-48E2-8F57-DF904875C76D}"
EndProject
Project("{FAE04EC0-301F-11D3-BF4B-00C04F79EFBC}") = "UsingSelectExtentionMethod", "UsingSelectExtentionMethod\UsingSelectExtentionMethod.csproj", "{6AD4D4CE-3FC9-4852-93B4-2EDD0BF9ED99}"
EndProject
Project("{FAE04EC0-301F-11D3-BF4B-00C04F79EFBC}") = "FromAnySource", "FromAnySource\FromAnySource.csproj", "{43F946CD-8C47-493C-829F-958506617BFD}"
EndProject
Project("{FAE04EC0-301F-11D3-BF4B-00C04F79EFBC}") = "SelectMany", "SelectMany\SelectMany.csproj", "{C4C72087-4BAD-461C-BA7B-8456FEBDE0BC}"
EndProject
Project("{FAE04EC0-301F-11D3-BF4B-00C04F79EFBC}") = "UsingWhere", "UsingWhere\UsingWhere.csproj", "{857A8AFA-73B7-46E2-9F1D-BCD6E850FA2F}"
EndProject
Global
	GlobalSection(SolutionConfigurationPlatforms) = preSolution
		Debug|Any CPU = Debug|Any CPU
		Release|Any CPU = Release|Any CPU
	EndGlobalSection
	GlobalSection(ProjectConfigurationPlatforms) = postSolution
		{9C19753C-904B-4105-8ED9-31C810DB3617}.Debug|Any CPU.ActiveCfg = Debug|Any CPU
		{9C19753C-904B-4105-8ED9-31C810DB3617}.Debug|Any CPU.Build.0 = Debug|Any CPU
		{9C19753C-904B-4105-8ED9-31C810DB3617}.Release|Any CPU.ActiveCfg = Release|Any CPU
		{9C19753C-904B-4105-8ED9-31C810DB3617}.Release|Any CPU.Build.0 = Release|Any CPU
		{8CD29071-906B-48E2-8F57-DF904875C76D}.Debug|Any CPU.ActiveCfg = Debug|Any CPU
		{8CD29071-906B-48E2-8F57-DF904875C76D}.Debug|Any CPU.Build.0 = Debug|Any CPU
		{8CD29071-906B-48E2-8F57-DF904875C76D}.Release|Any CPU.ActiveCfg = Release|Any CPU
		{8CD29071-906B-48E2-8F57-DF904875C76D}.Release|Any CPU.Build.0 = Release|Any CPU
		{6AD4D4CE-3FC9-4852-93B4-2EDD0BF9ED99}.Debug|Any CPU.ActiveCfg = Debug|Any CPU
		{6AD4D4CE-3FC9-4852-93B4-2EDD0BF9ED99}.Debug|Any CPU.Build.0 = Debug|Any CPU
		{6AD4D4CE-3FC9-4852-93B4-2EDD0BF9ED99}.Release|Any CPU.ActiveCfg = Release|Any CPU
		{6AD4D4CE-3FC9-4852-93B4-2EDD0BF9ED99}.Release|Any CPU.Build.0 = Release|Any CPU
		{43F946CD-8C47-493C-829F-958506617BFD}.Debug|Any CPU.ActiveCfg = Debug|Any CPU
		{43F946CD-8C47-493C-829F-958506617BFD}.Debug|Any CPU.Build.0 = Debug|Any CPU
		{43F946CD-8C47-493C-829F-958506617BFD}.Release|Any CPU.ActiveCfg = Release|Any CPU
		{43F946CD-8C47-493C-829F-958506617BFD}.Release|Any CPU.Build.0 = Release|Any CPU
		{C4C72087-4BAD-461C-BA7B-8456FEBDE0BC}.Debug|Any CPU.ActiveCfg = Debug|Any CPU
		{C4C72087-4BAD-461C-BA7B-8456FEBDE0BC}.Debug|Any CPU.Build.0 = Debug|Any CPU
		{C4C72087-4BAD-461C-BA7B-8456FEBDE0BC}.Release|Any CPU.ActiveCfg = Release|Any CPU
		{C4C72087-4BAD-461C-BA7B-8456FEBDE0BC}.Release|Any CPU.Build.0 = Release|Any CPU
		{857A8AFA-73B7-46E2-9F1D-BCD6E850FA2F}.Debug|Any CPU.ActiveCfg = Debug|Any CPU
		{857A8AFA-73B7-46E2-9F1D-BCD6E850FA2F}.Debug|Any CPU.Build.0 = Debug|Any CPU
		{857A8AFA-73B7-46E2-9F1D-BCD6E850FA2F}.Release|Any CPU.ActiveCfg = Release|Any CPU
		{857A8AFA-73B7-46E2-9F1D-BCD6E850FA2F}.Release|Any CPU.Build.0 = Release|Any CPU
	EndGlobalSection
	GlobalSection(SolutionProperties) = preSolution
		HideSolutionNode = FALSE
	EndGlobalSection
	GlobalSection(ExtensibilityGlobals) = postSolution
		SolutionGuid = {D845FDA3-803E-41A7-8D49-120F08E0E8FF}
	EndGlobalSection
EndGlobal
